// !$*UTF8*$!
{
	archiveVersion = 1;
	classes = {
	};
	objectVersion = 46;
	objects = {

/* Begin PBXBuildFile section */
		2AB06EDD1AFBE05100E8CA5E /* MapViewController.swift in Sources */ = {isa = PBXBuildFile; fileRef = 2AB06EDC1AFBE05100E8CA5E /* MapViewController.swift */; };
		30995EEC1AFBDB33005266A1 /* ParseCrashReporting.framework in Frameworks */ = {isa = PBXBuildFile; fileRef = 30995EE81AFBDB33005266A1 /* ParseCrashReporting.framework */; };
		30995EED1AFBDB33005266A1 /* ParseFacebookUtils.framework in Frameworks */ = {isa = PBXBuildFile; fileRef = 30995EE91AFBDB33005266A1 /* ParseFacebookUtils.framework */; };
		30995EEE1AFBDB33005266A1 /* ParseFacebookUtilsV4.framework in Frameworks */ = {isa = PBXBuildFile; fileRef = 30995EEA1AFBDB33005266A1 /* ParseFacebookUtilsV4.framework */; };
		30995EEF1AFBDB33005266A1 /* ParseUI.framework in Frameworks */ = {isa = PBXBuildFile; fileRef = 30995EEB1AFBDB33005266A1 /* ParseUI.framework */; };
		30995EF11AFBE0BB005266A1 /* Animal.swift in Sources */ = {isa = PBXBuildFile; fileRef = 30995EF01AFBE0BB005266A1 /* Animal.swift */; };
		344288071AFBEFB200C550CF /* Parse in Frameworks */ = {isa = PBXBuildFile; fileRef = 344288061AFBEFB200C550CF /* Parse */; };
		344288091AFBEFF200C550CF /* Bolts in Frameworks */ = {isa = PBXBuildFile; fileRef = 344288081AFBEFF200C550CF /* Bolts */; };
		348080031AFBD77600B36306 /* AudioToolbox.framework in Frameworks */ = {isa = PBXBuildFile; fileRef = 348080021AFBD77600B36306 /* AudioToolbox.framework */; };
		348080051AFBD78900B36306 /* CFNetwork.framework in Frameworks */ = {isa = PBXBuildFile; fileRef = 348080041AFBD78900B36306 /* CFNetwork.framework */; };
		348080071AFBD7A500B36306 /* CoreLocation.framework in Frameworks */ = {isa = PBXBuildFile; fileRef = 348080061AFBD7A500B36306 /* CoreLocation.framework */; };
		348080091AFBD7BD00B36306 /* MobileCoreServices.framework in Frameworks */ = {isa = PBXBuildFile; fileRef = 348080081AFBD7BD00B36306 /* MobileCoreServices.framework */; };
		3480800B1AFBD7CC00B36306 /* QuartzCore.framework in Frameworks */ = {isa = PBXBuildFile; fileRef = 3480800A1AFBD7CC00B36306 /* QuartzCore.framework */; };
		3480800D1AFBD7D600B36306 /* Security.framework in Frameworks */ = {isa = PBXBuildFile; fileRef = 3480800C1AFBD7D600B36306 /* Security.framework */; };
		3480800F1AFBD7DF00B36306 /* StoreKit.framework in Frameworks */ = {isa = PBXBuildFile; fileRef = 3480800E1AFBD7DF00B36306 /* StoreKit.framework */; };
		348080111AFBD7EF00B36306 /* SystemConfiguration.framework in Frameworks */ = {isa = PBXBuildFile; fileRef = 348080101AFBD7EF00B36306 /* SystemConfiguration.framework */; };
		348080131AFBD80900B36306 /* libz.dylib in Frameworks */ = {isa = PBXBuildFile; fileRef = 348080121AFBD80900B36306 /* libz.dylib */; };
		348080151AFBD82E00B36306 /* libsqlite3.dylib in Frameworks */ = {isa = PBXBuildFile; fileRef = 348080141AFBD82E00B36306 /* libsqlite3.dylib */; };
		83676B441AFBCB390080042F /* AppDelegate.swift in Sources */ = {isa = PBXBuildFile; fileRef = 83676B431AFBCB390080042F /* AppDelegate.swift */; };
		83676B471AFBCB390080042F /* AnimalRescue.xcdatamodeld in Sources */ = {isa = PBXBuildFile; fileRef = 83676B451AFBCB390080042F /* AnimalRescue.xcdatamodeld */; };
		83676B491AFBCB390080042F /* ViewController.swift in Sources */ = {isa = PBXBuildFile; fileRef = 83676B481AFBCB390080042F /* ViewController.swift */; };
		83676B4C1AFBCB390080042F /* Main.storyboard in Resources */ = {isa = PBXBuildFile; fileRef = 83676B4A1AFBCB390080042F /* Main.storyboard */; };
		83676B4E1AFBCB390080042F /* Images.xcassets in Resources */ = {isa = PBXBuildFile; fileRef = 83676B4D1AFBCB390080042F /* Images.xcassets */; };
		83676B511AFBCB390080042F /* LaunchScreen.xib in Resources */ = {isa = PBXBuildFile; fileRef = 83676B4F1AFBCB390080042F /* LaunchScreen.xib */; };
		83676B5D1AFBCB390080042F /* AnimalRescueTests.swift in Sources */ = {isa = PBXBuildFile; fileRef = 83676B5C1AFBCB390080042F /* AnimalRescueTests.swift */; };
		839B8BA01AFBE27F00293590 /* FBAudienceNetwork.framework in Frameworks */ = {isa = PBXBuildFile; fileRef = 839B8B9B1AFBE27E00293590 /* FBAudienceNetwork.framework */; };
		839B8BA11AFBE27F00293590 /* FBSDKCoreKit.framework in Frameworks */ = {isa = PBXBuildFile; fileRef = 839B8B9C1AFBE27F00293590 /* FBSDKCoreKit.framework */; };
		839B8BA21AFBE27F00293590 /* FBSDKLoginKit.framework in Frameworks */ = {isa = PBXBuildFile; fileRef = 839B8B9D1AFBE27F00293590 /* FBSDKLoginKit.framework */; };
		839B8BA31AFBE27F00293590 /* FBSDKMessengerShareKit.framework in Frameworks */ = {isa = PBXBuildFile; fileRef = 839B8B9E1AFBE27F00293590 /* FBSDKMessengerShareKit.framework */; };
		839B8BA41AFBE27F00293590 /* FBSDKShareKit.framework in Frameworks */ = {isa = PBXBuildFile; fileRef = 839B8B9F1AFBE27F00293590 /* FBSDKShareKit.framework */; };
/* End PBXBuildFile section */

/* Begin PBXContainerItemProxy section */
		83676B571AFBCB390080042F /* PBXContainerItemProxy */ = {
			isa = PBXContainerItemProxy;
			containerPortal = 83676B361AFBCB390080042F /* Project object */;
			proxyType = 1;
			remoteGlobalIDString = 83676B3D1AFBCB390080042F;
			remoteInfo = AnimalRescue;
		};
/* End PBXContainerItemProxy section */

/* Begin PBXFileReference section */
		2AB06EDC1AFBE05100E8CA5E /* MapViewController.swift */ = {isa = PBXFileReference; fileEncoding = 4; lastKnownFileType = sourcecode.swift; path = MapViewController.swift; sourceTree = "<group>"; };
		30995EE81AFBDB33005266A1 /* ParseCrashReporting.framework */ = {isa = PBXFileReference; lastKnownFileType = wrapper.framework; name = ParseCrashReporting.framework; path = AnimalRescue/ParseCrashReporting.framework; sourceTree = "<group>"; };
		30995EE91AFBDB33005266A1 /* ParseFacebookUtils.framework */ = {isa = PBXFileReference; lastKnownFileType = wrapper.framework; name = ParseFacebookUtils.framework; path = AnimalRescue/ParseFacebookUtils.framework; sourceTree = "<group>"; };
		30995EEA1AFBDB33005266A1 /* ParseFacebookUtilsV4.framework */ = {isa = PBXFileReference; lastKnownFileType = wrapper.framework; name = ParseFacebookUtilsV4.framework; path = AnimalRescue/ParseFacebookUtilsV4.framework; sourceTree = "<group>"; };
		30995EEB1AFBDB33005266A1 /* ParseUI.framework */ = {isa = PBXFileReference; lastKnownFileType = wrapper.framework; name = ParseUI.framework; path = AnimalRescue/ParseUI.framework; sourceTree = "<group>"; };
		30995EF01AFBE0BB005266A1 /* Animal.swift */ = {isa = PBXFileReference; fileEncoding = 4; lastKnownFileType = sourcecode.swift; path = Animal.swift; sourceTree = "<group>"; };
		344288061AFBEFB200C550CF /* Parse */ = {isa = PBXFileReference; lastKnownFileType = archive.ar; name = Parse; path = AnimalRescue/Parse.framework/Parse; sourceTree = "<group>"; };
		344288081AFBEFF200C550CF /* Bolts */ = {isa = PBXFileReference; lastKnownFileType = archive.ar; name = Bolts; path = AnimalRescue/Bolts.framework/Bolts; sourceTree = "<group>"; };
		34807FF61AFBD68300B36306 /* Bolts.framework */ = {isa = PBXFileReference; lastKnownFileType = wrapper.framework; name = Bolts.framework; path = AnimalRescue/Bolts.framework; sourceTree = "<group>"; };
		34807FF71AFBD68300B36306 /* Parse.framework */ = {isa = PBXFileReference; lastKnownFileType = wrapper.framework; name = Parse.framework; path = AnimalRescue/Parse.framework; sourceTree = "<group>"; };
		348080021AFBD77600B36306 /* AudioToolbox.framework */ = {isa = PBXFileReference; lastKnownFileType = wrapper.framework; name = AudioToolbox.framework; path = System/Library/Frameworks/AudioToolbox.framework; sourceTree = SDKROOT; };
		348080041AFBD78900B36306 /* CFNetwork.framework */ = {isa = PBXFileReference; lastKnownFileType = wrapper.framework; name = CFNetwork.framework; path = System/Library/Frameworks/CFNetwork.framework; sourceTree = SDKROOT; };
		348080061AFBD7A500B36306 /* CoreLocation.framework */ = {isa = PBXFileReference; lastKnownFileType = wrapper.framework; name = CoreLocation.framework; path = System/Library/Frameworks/CoreLocation.framework; sourceTree = SDKROOT; };
		348080081AFBD7BD00B36306 /* MobileCoreServices.framework */ = {isa = PBXFileReference; lastKnownFileType = wrapper.framework; name = MobileCoreServices.framework; path = System/Library/Frameworks/MobileCoreServices.framework; sourceTree = SDKROOT; };
		3480800A1AFBD7CC00B36306 /* QuartzCore.framework */ = {isa = PBXFileReference; lastKnownFileType = wrapper.framework; name = QuartzCore.framework; path = System/Library/Frameworks/QuartzCore.framework; sourceTree = SDKROOT; };
		3480800C1AFBD7D600B36306 /* Security.framework */ = {isa = PBXFileReference; lastKnownFileType = wrapper.framework; name = Security.framework; path = System/Library/Frameworks/Security.framework; sourceTree = SDKROOT; };
		3480800E1AFBD7DF00B36306 /* StoreKit.framework */ = {isa = PBXFileReference; lastKnownFileType = wrapper.framework; name = StoreKit.framework; path = System/Library/Frameworks/StoreKit.framework; sourceTree = SDKROOT; };
		348080101AFBD7EF00B36306 /* SystemConfiguration.framework */ = {isa = PBXFileReference; lastKnownFileType = wrapper.framework; name = SystemConfiguration.framework; path = System/Library/Frameworks/SystemConfiguration.framework; sourceTree = SDKROOT; };
		348080121AFBD80900B36306 /* libz.dylib */ = {isa = PBXFileReference; lastKnownFileType = "compiled.mach-o.dylib"; name = libz.dylib; path = usr/lib/libz.dylib; sourceTree = SDKROOT; };
		348080141AFBD82E00B36306 /* libsqlite3.dylib */ = {isa = PBXFileReference; lastKnownFileType = "compiled.mach-o.dylib"; name = libsqlite3.dylib; path = usr/lib/libsqlite3.dylib; sourceTree = SDKROOT; };
		83676B3E1AFBCB390080042F /* AnimalRescue.app */ = {isa = PBXFileReference; explicitFileType = wrapper.application; includeInIndex = 0; path = AnimalRescue.app; sourceTree = BUILT_PRODUCTS_DIR; };
		83676B421AFBCB390080042F /* Info.plist */ = {isa = PBXFileReference; lastKnownFileType = text.plist.xml; path = Info.plist; sourceTree = "<group>"; };
		83676B431AFBCB390080042F /* AppDelegate.swift */ = {isa = PBXFileReference; lastKnownFileType = sourcecode.swift; path = AppDelegate.swift; sourceTree = "<group>"; };
		83676B461AFBCB390080042F /* AnimalRescue.xcdatamodel */ = {isa = PBXFileReference; lastKnownFileType = wrapper.xcdatamodel; path = AnimalRescue.xcdatamodel; sourceTree = "<group>"; };
		83676B481AFBCB390080042F /* ViewController.swift */ = {isa = PBXFileReference; lastKnownFileType = sourcecode.swift; path = ViewController.swift; sourceTree = "<group>"; };
		83676B4B1AFBCB390080042F /* Base */ = {isa = PBXFileReference; lastKnownFileType = file.storyboard; name = Base; path = Base.lproj/Main.storyboard; sourceTree = "<group>"; };
		83676B4D1AFBCB390080042F /* Images.xcassets */ = {isa = PBXFileReference; lastKnownFileType = folder.assetcatalog; path = Images.xcassets; sourceTree = "<group>"; };
		83676B501AFBCB390080042F /* Base */ = {isa = PBXFileReference; lastKnownFileType = file.xib; name = Base; path = Base.lproj/LaunchScreen.xib; sourceTree = "<group>"; };
		83676B561AFBCB390080042F /* AnimalRescueTests.xctest */ = {isa = PBXFileReference; explicitFileType = wrapper.cfbundle; includeInIndex = 0; path = AnimalRescueTests.xctest; sourceTree = BUILT_PRODUCTS_DIR; };
		83676B5B1AFBCB390080042F /* Info.plist */ = {isa = PBXFileReference; lastKnownFileType = text.plist.xml; path = Info.plist; sourceTree = "<group>"; };
		83676B5C1AFBCB390080042F /* AnimalRescueTests.swift */ = {isa = PBXFileReference; lastKnownFileType = sourcecode.swift; path = AnimalRescueTests.swift; sourceTree = "<group>"; };
		839B8B9B1AFBE27E00293590 /* FBAudienceNetwork.framework */ = {isa = PBXFileReference; lastKnownFileType = wrapper.framework; name = FBAudienceNetwork.framework; path = AnimalRescue/FBAudienceNetwork.framework; sourceTree = "<group>"; };
		839B8B9C1AFBE27F00293590 /* FBSDKCoreKit.framework */ = {isa = PBXFileReference; lastKnownFileType = wrapper.framework; name = FBSDKCoreKit.framework; path = AnimalRescue/FBSDKCoreKit.framework; sourceTree = "<group>"; };
		839B8B9D1AFBE27F00293590 /* FBSDKLoginKit.framework */ = {isa = PBXFileReference; lastKnownFileType = wrapper.framework; name = FBSDKLoginKit.framework; path = AnimalRescue/FBSDKLoginKit.framework; sourceTree = "<group>"; };
		839B8B9E1AFBE27F00293590 /* FBSDKMessengerShareKit.framework */ = {isa = PBXFileReference; lastKnownFileType = wrapper.framework; name = FBSDKMessengerShareKit.framework; path = AnimalRescue/FBSDKMessengerShareKit.framework; sourceTree = "<group>"; };
		839B8B9F1AFBE27F00293590 /* FBSDKShareKit.framework */ = {isa = PBXFileReference; lastKnownFileType = wrapper.framework; name = FBSDKShareKit.framework; path = AnimalRescue/FBSDKShareKit.framework; sourceTree = "<group>"; };
/* End PBXFileReference section */

/* Begin PBXFrameworksBuildPhase section */
		83676B3B1AFBCB390080042F /* Frameworks */ = {
			isa = PBXFrameworksBuildPhase;
			buildActionMask = 2147483647;
			files = (
				344288091AFBEFF200C550CF /* Bolts in Frameworks */,
				344288071AFBEFB200C550CF /* Parse in Frameworks */,
				839B8BA01AFBE27F00293590 /* FBAudienceNetwork.framework in Frameworks */,
				839B8BA11AFBE27F00293590 /* FBSDKCoreKit.framework in Frameworks */,
				839B8BA21AFBE27F00293590 /* FBSDKLoginKit.framework in Frameworks */,
				839B8BA31AFBE27F00293590 /* FBSDKMessengerShareKit.framework in Frameworks */,
				839B8BA41AFBE27F00293590 /* FBSDKShareKit.framework in Frameworks */,
				30995EEC1AFBDB33005266A1 /* ParseCrashReporting.framework in Frameworks */,
				30995EED1AFBDB33005266A1 /* ParseFacebookUtils.framework in Frameworks */,
				30995EEE1AFBDB33005266A1 /* ParseFacebookUtilsV4.framework in Frameworks */,
				30995EEF1AFBDB33005266A1 /* ParseUI.framework in Frameworks */,
				348080151AFBD82E00B36306 /* libsqlite3.dylib in Frameworks */,
				348080131AFBD80900B36306 /* libz.dylib in Frameworks */,
				348080111AFBD7EF00B36306 /* SystemConfiguration.framework in Frameworks */,
				3480800F1AFBD7DF00B36306 /* StoreKit.framework in Frameworks */,
				3480800D1AFBD7D600B36306 /* Security.framework in Frameworks */,
				3480800B1AFBD7CC00B36306 /* QuartzCore.framework in Frameworks */,
				348080091AFBD7BD00B36306 /* MobileCoreServices.framework in Frameworks */,
				348080071AFBD7A500B36306 /* CoreLocation.framework in Frameworks */,
				348080051AFBD78900B36306 /* CFNetwork.framework in Frameworks */,
				348080031AFBD77600B36306 /* AudioToolbox.framework in Frameworks */,
			);
			runOnlyForDeploymentPostprocessing = 0;
		};
		83676B531AFBCB390080042F /* Frameworks */ = {
			isa = PBXFrameworksBuildPhase;
			buildActionMask = 2147483647;
			files = (
			);
			runOnlyForDeploymentPostprocessing = 0;
		};
/* End PBXFrameworksBuildPhase section */

/* Begin PBXGroup section */
		30995EE11AFBD57D005266A1 /* Models */ = {
			isa = PBXGroup;
			children = (
				30995EF01AFBE0BB005266A1 /* Animal.swift */,
			);
			name = Models;
			sourceTree = "<group>";
		};
		30995EE21AFBD94F005266A1 /* Frameworks */ = {
			isa = PBXGroup;
			children = (
				344288081AFBEFF200C550CF /* Bolts */,
				344288061AFBEFB200C550CF /* Parse */,
				839B8B9B1AFBE27E00293590 /* FBAudienceNetwork.framework */,
				839B8B9C1AFBE27F00293590 /* FBSDKCoreKit.framework */,
				839B8B9D1AFBE27F00293590 /* FBSDKLoginKit.framework */,
				839B8B9E1AFBE27F00293590 /* FBSDKMessengerShareKit.framework */,
				839B8B9F1AFBE27F00293590 /* FBSDKShareKit.framework */,
				34807FF71AFBD68300B36306 /* Parse.framework */,
				34807FF61AFBD68300B36306 /* Bolts.framework */,
				30995EE81AFBDB33005266A1 /* ParseCrashReporting.framework */,
				30995EE91AFBDB33005266A1 /* ParseFacebookUtils.framework */,
				30995EEA1AFBDB33005266A1 /* ParseFacebookUtilsV4.framework */,
				30995EEB1AFBDB33005266A1 /* ParseUI.framework */,
				348080141AFBD82E00B36306 /* libsqlite3.dylib */,
				348080121AFBD80900B36306 /* libz.dylib */,
				348080101AFBD7EF00B36306 /* SystemConfiguration.framework */,
				3480800E1AFBD7DF00B36306 /* StoreKit.framework */,
				3480800C1AFBD7D600B36306 /* Security.framework */,
				3480800A1AFBD7CC00B36306 /* QuartzCore.framework */,
				348080081AFBD7BD00B36306 /* MobileCoreServices.framework */,
				348080061AFBD7A500B36306 /* CoreLocation.framework */,
				348080041AFBD78900B36306 /* CFNetwork.framework */,
				348080021AFBD77600B36306 /* AudioToolbox.framework */,
			);
			name = Frameworks;
			sourceTree = "<group>";
		};
		30995EE31AFBD95D005266A1 /* Views */ = {
			isa = PBXGroup;
			children = (
				83676B4F1AFBCB390080042F /* LaunchScreen.xib */,
				83676B4A1AFBCB390080042F /* Main.storyboard */,
			);
			name = Views;
			sourceTree = "<group>";
		};
		30995EE41AFBD979005266A1 /* Controllers */ = {
			isa = PBXGroup;
			children = (
				83676B481AFBCB390080042F /* ViewController.swift */,
				2AB06EDC1AFBE05100E8CA5E /* MapViewController.swift */,
			);
			name = Controllers;
			sourceTree = "<group>";
		};
		30995EE51AFBD9A4005266A1 /* Resources */ = {
			isa = PBXGroup;
			children = (
				83676B4D1AFBCB390080042F /* Images.xcassets */,
			);
			name = Resources;
			sourceTree = "<group>";
		};
		30995EE71AFBD9D5005266A1 /* Coredata */ = {
			isa = PBXGroup;
			children = (
				83676B451AFBCB390080042F /* AnimalRescue.xcdatamodeld */,
			);
			name = Coredata;
			sourceTree = "<group>";
		};
		83676B351AFBCB390080042F = {
			isa = PBXGroup;
			children = (
				30995EE21AFBD94F005266A1 /* Frameworks */,
				83676B401AFBCB390080042F /* AnimalRescue */,
				83676B591AFBCB390080042F /* AnimalRescueTests */,
				83676B3F1AFBCB390080042F /* Products */,
			);
			sourceTree = "<group>";
		};
		83676B3F1AFBCB390080042F /* Products */ = {
			isa = PBXGroup;
			children = (
				83676B3E1AFBCB390080042F /* AnimalRescue.app */,
				83676B561AFBCB390080042F /* AnimalRescueTests.xctest */,
			);
			name = Products;
			sourceTree = "<group>";
		};
		83676B401AFBCB390080042F /* AnimalRescue */ = {
			isa = PBXGroup;
			children = (
				30995EE41AFBD979005266A1 /* Controllers */,
				30995EE11AFBD57D005266A1 /* Models */,
				83676B431AFBCB390080042F /* AppDelegate.swift */,
				30995EE31AFBD95D005266A1 /* Views */,
				30995EE51AFBD9A4005266A1 /* Resources */,
				30995EE71AFBD9D5005266A1 /* Coredata */,
				83676B411AFBCB390080042F /* Supporting Files */,
			);
			path = AnimalRescue;
			sourceTree = "<group>";
		};
		83676B411AFBCB390080042F /* Supporting Files */ = {
			isa = PBXGroup;
			children = (
				83676B421AFBCB390080042F /* Info.plist */,
			);
			name = "Supporting Files";
			sourceTree = "<group>";
		};
		83676B591AFBCB390080042F /* AnimalRescueTests */ = {
			isa = PBXGroup;
			children = (
				83676B5C1AFBCB390080042F /* AnimalRescueTests.swift */,
				83676B5A1AFBCB390080042F /* Supporting Files */,
			);
			path = AnimalRescueTests;
			sourceTree = "<group>";
		};
		83676B5A1AFBCB390080042F /* Supporting Files */ = {
			isa = PBXGroup;
			children = (
				83676B5B1AFBCB390080042F /* Info.plist */,
			);
			name = "Supporting Files";
			sourceTree = "<group>";
		};
/* End PBXGroup section */

/* Begin PBXNativeTarget section */
		83676B3D1AFBCB390080042F /* AnimalRescue */ = {
			isa = PBXNativeTarget;
			buildConfigurationList = 83676B601AFBCB390080042F /* Build configuration list for PBXNativeTarget "AnimalRescue" */;
			buildPhases = (
				83676B3A1AFBCB390080042F /* Sources */,
				83676B3B1AFBCB390080042F /* Frameworks */,
				83676B3C1AFBCB390080042F /* Resources */,
			);
			buildRules = (
			);
			dependencies = (
			);
			name = AnimalRescue;
			productName = AnimalRescue;
			productReference = 83676B3E1AFBCB390080042F /* AnimalRescue.app */;
			productType = "com.apple.product-type.application";
		};
		83676B551AFBCB390080042F /* AnimalRescueTests */ = {
			isa = PBXNativeTarget;
			buildConfigurationList = 83676B631AFBCB390080042F /* Build configuration list for PBXNativeTarget "AnimalRescueTests" */;
			buildPhases = (
				83676B521AFBCB390080042F /* Sources */,
				83676B531AFBCB390080042F /* Frameworks */,
				83676B541AFBCB390080042F /* Resources */,
			);
			buildRules = (
			);
			dependencies = (
				83676B581AFBCB390080042F /* PBXTargetDependency */,
			);
			name = AnimalRescueTests;
			productName = AnimalRescueTests;
			productReference = 83676B561AFBCB390080042F /* AnimalRescueTests.xctest */;
			productType = "com.apple.product-type.bundle.unit-test";
		};
/* End PBXNativeTarget section */

/* Begin PBXProject section */
		83676B361AFBCB390080042F /* Project object */ = {
			isa = PBXProject;
			attributes = {
				LastUpgradeCheck = 0630;
				ORGANIZATIONNAME = "Christian S.";
				TargetAttributes = {
					83676B3D1AFBCB390080042F = {
						CreatedOnToolsVersion = 6.3.1;
						SystemCapabilities = {
							com.apple.BackgroundModes = {
								enabled = 1;
							};
						};
					};
					83676B551AFBCB390080042F = {
						CreatedOnToolsVersion = 6.3.1;
						TestTargetID = 83676B3D1AFBCB390080042F;
					};
				};
			};
			buildConfigurationList = 83676B391AFBCB390080042F /* Build configuration list for PBXProject "AnimalRescue" */;
			compatibilityVersion = "Xcode 3.2";
			developmentRegion = English;
			hasScannedForEncodings = 0;
			knownRegions = (
				en,
				Base,
			);
			mainGroup = 83676B351AFBCB390080042F;
			productRefGroup = 83676B3F1AFBCB390080042F /* Products */;
			projectDirPath = "";
			projectRoot = "";
			targets = (
				83676B3D1AFBCB390080042F /* AnimalRescue */,
				83676B551AFBCB390080042F /* AnimalRescueTests */,
			);
		};
/* End PBXProject section */

/* Begin PBXResourcesBuildPhase section */
		83676B3C1AFBCB390080042F /* Resources */ = {
			isa = PBXResourcesBuildPhase;
			buildActionMask = 2147483647;
			files = (
				83676B4C1AFBCB390080042F /* Main.storyboard in Resources */,
				83676B511AFBCB390080042F /* LaunchScreen.xib in Resources */,
				83676B4E1AFBCB390080042F /* Images.xcassets in Resources */,
			);
			runOnlyForDeploymentPostprocessing = 0;
		};
		83676B541AFBCB390080042F /* Resources */ = {
			isa = PBXResourcesBuildPhase;
			buildActionMask = 2147483647;
			files = (
			);
			runOnlyForDeploymentPostprocessing = 0;
		};
/* End PBXResourcesBuildPhase section */

/* Begin PBXSourcesBuildPhase section */
		83676B3A1AFBCB390080042F /* Sources */ = {
			isa = PBXSourcesBuildPhase;
			buildActionMask = 2147483647;
			files = (
				83676B491AFBCB390080042F /* ViewController.swift in Sources */,
				83676B471AFBCB390080042F /* AnimalRescue.xcdatamodeld in Sources */,
				83676B441AFBCB390080042F /* AppDelegate.swift in Sources */,
				30995EF11AFBE0BB005266A1 /* Animal.swift in Sources */,
				2AB06EDD1AFBE05100E8CA5E /* MapViewController.swift in Sources */,
			);
			runOnlyForDeploymentPostprocessing = 0;
		};
		83676B521AFBCB390080042F /* Sources */ = {
			isa = PBXSourcesBuildPhase;
			buildActionMask = 2147483647;
			files = (
				83676B5D1AFBCB390080042F /* AnimalRescueTests.swift in Sources */,
			);
			runOnlyForDeploymentPostprocessing = 0;
		};
/* End PBXSourcesBuildPhase section */

/* Begin PBXTargetDependency section */
		83676B581AFBCB390080042F /* PBXTargetDependency */ = {
			isa = PBXTargetDependency;
			target = 83676B3D1AFBCB390080042F /* AnimalRescue */;
			targetProxy = 83676B571AFBCB390080042F /* PBXContainerItemProxy */;
		};
/* End PBXTargetDependency section */

/* Begin PBXVariantGroup section */
		83676B4A1AFBCB390080042F /* Main.storyboard */ = {
			isa = PBXVariantGroup;
			children = (
				83676B4B1AFBCB390080042F /* Base */,
			);
			name = Main.storyboard;
			sourceTree = "<group>";
		};
		83676B4F1AFBCB390080042F /* LaunchScreen.xib */ = {
			isa = PBXVariantGroup;
			children = (
				83676B501AFBCB390080042F /* Base */,
			);
			name = LaunchScreen.xib;
			sourceTree = "<group>";
		};
/* End PBXVariantGroup section */

/* Begin XCBuildConfiguration section */
		83676B5E1AFBCB390080042F /* Debug */ = {
			isa = XCBuildConfiguration;
			buildSettings = {
				ALWAYS_SEARCH_USER_PATHS = NO;
				CLANG_CXX_LANGUAGE_STANDARD = "gnu++0x";
				CLANG_CXX_LIBRARY = "libc++";
				CLANG_ENABLE_MODULES = YES;
				CLANG_ENABLE_OBJC_ARC = YES;
				CLANG_WARN_BOOL_CONVERSION = YES;
				CLANG_WARN_CONSTANT_CONVERSION = YES;
				CLANG_WARN_DIRECT_OBJC_ISA_USAGE = YES_ERROR;
				CLANG_WARN_EMPTY_BODY = YES;
				CLANG_WARN_ENUM_CONVERSION = YES;
				CLANG_WARN_INT_CONVERSION = YES;
				CLANG_WARN_OBJC_ROOT_CLASS = YES_ERROR;
				CLANG_WARN_UNREACHABLE_CODE = YES;
				CLANG_WARN__DUPLICATE_METHOD_MATCH = YES;
				"CODE_SIGN_IDENTITY[sdk=iphoneos*]" = "iPhone Developer";
				COPY_PHASE_STRIP = NO;
				DEBUG_INFORMATION_FORMAT = "dwarf-with-dsym";
				ENABLE_STRICT_OBJC_MSGSEND = YES;
				GCC_C_LANGUAGE_STANDARD = gnu99;
				GCC_DYNAMIC_NO_PIC = NO;
				GCC_NO_COMMON_BLOCKS = YES;
				GCC_OPTIMIZATION_LEVEL = 0;
				GCC_PREPROCESSOR_DEFINITIONS = (
					"DEBUG=1",
					"$(inherited)",
				);
				GCC_SYMBOLS_PRIVATE_EXTERN = NO;
				GCC_WARN_64_TO_32_BIT_CONVERSION = YES;
				GCC_WARN_ABOUT_RETURN_TYPE = YES_ERROR;
				GCC_WARN_UNDECLARED_SELECTOR = YES;
				GCC_WARN_UNINITIALIZED_AUTOS = YES_AGGRESSIVE;
				GCC_WARN_UNUSED_FUNCTION = YES;
				GCC_WARN_UNUSED_VARIABLE = YES;
				IPHONEOS_DEPLOYMENT_TARGET = 8.3;
				MTL_ENABLE_DEBUG_INFO = YES;
				ONLY_ACTIVE_ARCH = YES;
				SDKROOT = iphoneos;
				SWIFT_OPTIMIZATION_LEVEL = "-Onone";
				TARGETED_DEVICE_FAMILY = "1,2";
			};
			name = Debug;
		};
		83676B5F1AFBCB390080042F /* Release */ = {
			isa = XCBuildConfiguration;
			buildSettings = {
				ALWAYS_SEARCH_USER_PATHS = NO;
				CLANG_CXX_LANGUAGE_STANDARD = "gnu++0x";
				CLANG_CXX_LIBRARY = "libc++";
				CLANG_ENABLE_MODULES = YES;
				CLANG_ENABLE_OBJC_ARC = YES;
				CLANG_WARN_BOOL_CONVERSION = YES;
				CLANG_WARN_CONSTANT_CONVERSION = YES;
				CLANG_WARN_DIRECT_OBJC_ISA_USAGE = YES_ERROR;
				CLANG_WARN_EMPTY_BODY = YES;
				CLANG_WARN_ENUM_CONVERSION = YES;
				CLANG_WARN_INT_CONVERSION = YES;
				CLANG_WARN_OBJC_ROOT_CLASS = YES_ERROR;
				CLANG_WARN_UNREACHABLE_CODE = YES;
				CLANG_WARN__DUPLICATE_METHOD_MATCH = YES;
				"CODE_SIGN_IDENTITY[sdk=iphoneos*]" = "iPhone Developer";
				COPY_PHASE_STRIP = NO;
				DEBUG_INFORMATION_FORMAT = "dwarf-with-dsym";
				ENABLE_NS_ASSERTIONS = NO;
				ENABLE_STRICT_OBJC_MSGSEND = YES;
				GCC_C_LANGUAGE_STANDARD = gnu99;
				GCC_NO_COMMON_BLOCKS = YES;
				GCC_WARN_64_TO_32_BIT_CONVERSION = YES;
				GCC_WARN_ABOUT_RETURN_TYPE = YES_ERROR;
				GCC_WARN_UNDECLARED_SELECTOR = YES;
				GCC_WARN_UNINITIALIZED_AUTOS = YES_AGGRESSIVE;
				GCC_WARN_UNUSED_FUNCTION = YES;
				GCC_WARN_UNUSED_VARIABLE = YES;
				IPHONEOS_DEPLOYMENT_TARGET = 8.3;
				MTL_ENABLE_DEBUG_INFO = NO;
				SDKROOT = iphoneos;
				TARGETED_DEVICE_FAMILY = "1,2";
				VALIDATE_PRODUCT = YES;
			};
			name = Release;
		};
		83676B611AFBCB390080042F /* Debug */ = {
			isa = XCBuildConfiguration;
			buildSettings = {
				ASSETCATALOG_COMPILER_APPICON_NAME = AppIcon;
				FRAMEWORK_SEARCH_PATHS = (
					"$(inherited)",
					"$(PROJECT_DIR)/AnimalRescue",
					"/Users/ronan/Documents/animal_rescue/parse-library-1.7.2",
				);
				INFOPLIST_FILE = AnimalRescue/Info.plist;
				LD_RUNPATH_SEARCH_PATHS = "$(inherited) @executable_path/Frameworks";
				LIBRARY_SEARCH_PATHS = (
					"$(inherited)",
					"$(PROJECT_DIR)/AnimalRescue/Parse.framework",
					"$(PROJECT_DIR)/AnimalRescue/Bolts.framework",
				);
				PRODUCT_NAME = "$(TARGET_NAME)";
				SWIFT_OBJC_BRIDGING_HEADER = "";
			};
			name = Debug;
		};
		83676B621AFBCB390080042F /* Release */ = {
			isa = XCBuildConfiguration;
			buildSettings = {
				ASSETCATALOG_COMPILER_APPICON_NAME = AppIcon;
				FRAMEWORK_SEARCH_PATHS = (
					"$(inherited)",
					"$(PROJECT_DIR)/AnimalRescue",
					"/Users/ronan/Documents/animal_rescue/parse-library-1.7.2",
				);
				INFOPLIST_FILE = AnimalRescue/Info.plist;
				LD_RUNPATH_SEARCH_PATHS = "$(inherited) @executable_path/Frameworks";
				LIBRARY_SEARCH_PATHS = (
					"$(inherited)",
					"$(PROJECT_DIR)/AnimalRescue/Parse.framework",
					"$(PROJECT_DIR)/AnimalRescue/Bolts.framework",
				);
				PRODUCT_NAME = "$(TARGET_NAME)";
				SWIFT_OBJC_BRIDGING_HEADER = "";
			};
			name = Release;
		};
		83676B641AFBCB390080042F /* Debug */ = {
			isa = XCBuildConfiguration;
			buildSettings = {
				BUNDLE_LOADER = "$(TEST_HOST)";
				FRAMEWORK_SEARCH_PATHS = (
					"$(SDKROOT)/Developer/Library/Frameworks",
					"$(inherited)",
				);
				GCC_PREPROCESSOR_DEFINITIONS = (
					"DEBUG=1",
					"$(inherited)",
				);
				INFOPLIST_FILE = AnimalRescueTests/Info.plist;
				LD_RUNPATH_SEARCH_PATHS = "$(inherited) @executable_path/Frameworks @loader_path/Frameworks";
				PRODUCT_NAME = "$(TARGET_NAME)";
				TEST_HOST = "$(BUILT_PRODUCTS_DIR)/AnimalRescue.app/AnimalRescue";
			};
			name = Debug;
		};
		83676B651AFBCB390080042F /* Release */ = {
			isa = XCBuildConfiguration;
			buildSettings = {
				BUNDLE_LOADER = "$(TEST_HOST)";
				FRAMEWORK_SEARCH_PATHS = (
					"$(SDKROOT)/Developer/Library/Frameworks",
					"$(inherited)",
				);
				INFOPLIST_FILE = AnimalRescueTests/Info.plist;
				LD_RUNPATH_SEARCH_PATHS = "$(inherited) @executable_path/Frameworks @loader_path/Frameworks";
				PRODUCT_NAME = "$(TARGET_NAME)";
				TEST_HOST = "$(BUILT_PRODUCTS_DIR)/AnimalRescue.app/AnimalRescue";
			};
			name = Release;
		};
/* End XCBuildConfiguration section */

/* Begin XCConfigurationList section */
		83676B391AFBCB390080042F /* Build configuration list for PBXProject "AnimalRescue" */ = {
			isa = XCConfigurationList;
			buildConfigurations = (
				83676B5E1AFBCB390080042F /* Debug */,
				83676B5F1AFBCB390080042F /* Release */,
			);
			defaultConfigurationIsVisible = 0;
			defaultConfigurationName = Release;
		};
		83676B601AFBCB390080042F /* Build configuration list for PBXNativeTarget "AnimalRescue" */ = {
			isa = XCConfigurationList;
			buildConfigurations = (
				83676B611AFBCB390080042F /* Debug */,
				83676B621AFBCB390080042F /* Release */,
			);
			defaultConfigurationIsVisible = 0;
			defaultConfigurationName = Release;
		};
		83676B631AFBCB390080042F /* Build configuration list for PBXNativeTarget "AnimalRescueTests" */ = {
			isa = XCConfigurationList;
			buildConfigurations = (
				83676B641AFBCB390080042F /* Debug */,
				83676B651AFBCB390080042F /* Release */,
			);
			defaultConfigurationIsVisible = 0;
			defaultConfigurationName = Release;
		};
/* End XCConfigurationList section */

/* Begin XCVersionGroup section */
		83676B451AFBCB390080042F /* AnimalRescue.xcdatamodeld */ = {
			isa = XCVersionGroup;
			children = (
				83676B461AFBCB390080042F /* AnimalRescue.xcdatamodel */,
			);
			currentVersion = 83676B461AFBCB390080042F /* AnimalRescue.xcdatamodel */;
			path = AnimalRescue.xcdatamodeld;
			sourceTree = "<group>";
			versionGroupType = wrapper.xcdatamodel;
		};
/* End XCVersionGroup section */
	};
	rootObject = 83676B361AFBCB390080042F /* Project object */;
}
